
Microsoft Visual Studio Solution File, Format Version 12.00
# Visual Studio Version 17
VisualStudioVersion = 17.14.36301.6 d17.14
MinimumVisualStudioVersion = 10.0.40219.1
Project("{FAE04EC0-301F-11D3-BF4B-00C04F79EFBC}") = "SimpleCalculator", "SimpleCalculator.csproj", "{8B3A0EFB-FD6A-4DD5-A057-156C50EF6896}"
EndProject
Global
	GlobalSection(SolutionConfigurationPlatforms) = preSolution
		Debug|Any CPU = Debug|Any CPU
		Release|Any CPU = Release|Any CPU
	EndGlobalSection
	GlobalSection(ProjectConfigurationPlatforms) = postSolution
		{8B3A0EFB-FD6A-4DD5-A057-156C50EF6896}.Debug|Any CPU.ActiveCfg = Debug|Any CPU
		{8B3A0EFB-FD6A-4DD5-A057-156C50EF6896}.Debug|Any CPU.Build.0 = Debug|Any CPU
		{8B3A0EFB-FD6A-4DD5-A057-156C50EF6896}.Release|Any CPU.ActiveCfg = Release|Any CPU
		{8B3A0EFB-FD6A-4DD5-A057-156C50EF6896}.Release|Any CPU.Build.0 = Release|Any CPU
	EndGlobalSection
	GlobalSection(SolutionProperties) = preSolution
		HideSolutionNode = FALSE
	EndGlobalSection
	GlobalSection(ExtensibilityGlobals) = postSolution
		SolutionGuid = {6347F76B-B9FD-44DB-B6A1-A3D5A6D53936}
	EndGlobalSection
EndGlobal
